
Microsoft Visual Studio Solution File, Format Version 12.00
# Visual Studio Version 17
VisualStudioVersion = 17.0.31903.59
MinimumVisualStudioVersion = 10.0.40219.1
Project("{FAE04EC0-301F-11D3-BF4B-00C04F79EFBC}") = "NINA.PL.Core", "NINA.PL.Core\NINA.PL.Core.csproj", "{0FACFBCF-9554-4D9B-8122-E29C69ECEC03}"
EndProject
Project("{FAE04EC0-301F-11D3-BF4B-00C04F79EFBC}") = "NINA.PL.Equipment", "NINA.PL.Equipment\NINA.PL.Equipment.csproj", "{3A34C1DA-15E9-4BC0-B6A6-75D5FECEFD30}"
EndProject
Project("{FAE04EC0-301F-11D3-BF4B-00C04F79EFBC}") = "NINA.PL.Capture", "NINA.PL.Capture\NINA.PL.Capture.csproj", "{4BC1D9D4-7C53-4D41-8818-FD48CA08E183}"
EndProject
Project("{FAE04EC0-301F-11D3-BF4B-00C04F79EFBC}") = "NINA.PL.Guider", "NINA.PL.Guider\NINA.PL.Guider.csproj", "{923A849E-ED4E-4003-B63B-4809C653CDAD}"
EndProject
Project("{FAE04EC0-301F-11D3-BF4B-00C04F79EFBC}") = "NINA.PL.AutoFocus", "NINA.PL.AutoFocus\NINA.PL.AutoFocus.csproj", "{E6437613-EB22-4684-8C30-AA404056EB47}"
EndProject
Project("{FAE04EC0-301F-11D3-BF4B-00C04F79EFBC}") = "NINA.PL.LiveStack", "NINA.PL.LiveStack\NINA.PL.LiveStack.csproj", "{8C674B00-6F5E-4B28-BE08-8642AFBDED6E}"
EndProject
Project("{FAE04EC0-301F-11D3-BF4B-00C04F79EFBC}") = "NINA.PL.Sequencer", "NINA.PL.Sequencer\NINA.PL.Sequencer.csproj", "{63570125-7A24-4B97-A113-D51D59A83F0A}"
EndProject
Project("{FAE04EC0-301F-11D3-BF4B-00C04F79EFBC}") = "NINA.PL.Image", "NINA.PL.Image\NINA.PL.Image.csproj", "{0DC0C736-A4A6-47A2-ADBD-DCE90928DFB7}"
EndProject
Project("{FAE04EC0-301F-11D3-BF4B-00C04F79EFBC}") = "NINA.PL.Profile", "NINA.PL.Profile\NINA.PL.Profile.csproj", "{849A6FC3-00D4-46B7-8567-21BB033D7C2A}"
EndProject
Project("{FAE04EC0-301F-11D3-BF4B-00C04F79EFBC}") = "NINA.PL.Plugin", "NINA.PL.Plugin\NINA.PL.Plugin.csproj", "{F1D5236E-A517-4A9F-8E29-B3D5F373A97C}"
EndProject
Project("{FAE04EC0-301F-11D3-BF4B-00C04F79EFBC}") = "NINA.PL.WPF", "NINA.PL.WPF\NINA.PL.WPF.csproj", "{9D1DDC94-DF06-4585-AF7F-15CCA8E62DBE}"
EndProject
Project("{FAE04EC0-301F-11D3-BF4B-00C04F79EFBC}") = "NINA.PL.Test", "NINA.PL.Test\NINA.PL.Test.csproj", "{CE2581E7-18DD-4A87-AC0F-1B358341A990}"
EndProject
Global
	GlobalSection(SolutionConfigurationPlatforms) = preSolution
		Debug|Any CPU = Debug|Any CPU
		Debug|x64 = Debug|x64
		Debug|x86 = Debug|x86
		Release|Any CPU = Release|Any CPU
		Release|x64 = Release|x64
		Release|x86 = Release|x86
	EndGlobalSection
	GlobalSection(ProjectConfigurationPlatforms) = postSolution
		{0FACFBCF-9554-4D9B-8122-E29C69ECEC03}.Debug|Any CPU.ActiveCfg = Debug|Any CPU
		{0FACFBCF-9554-4D9B-8122-E29C69ECEC03}.Debug|Any CPU.Build.0 = Debug|Any CPU
		{0FACFBCF-9554-4D9B-8122-E29C69ECEC03}.Debug|x64.ActiveCfg = Debug|Any CPU
		{0FACFBCF-9554-4D9B-8122-E29C69ECEC03}.Debug|x64.Build.0 = Debug|Any CPU
		{0FACFBCF-9554-4D9B-8122-E29C69ECEC03}.Debug|x86.ActiveCfg = Debug|Any CPU
		{0FACFBCF-9554-4D9B-8122-E29C69ECEC03}.Debug|x86.Build.0 = Debug|Any CPU
		{0FACFBCF-9554-4D9B-8122-E29C69ECEC03}.Release|Any CPU.ActiveCfg = Release|Any CPU
		{0FACFBCF-9554-4D9B-8122-E29C69ECEC03}.Release|Any CPU.Build.0 = Release|Any CPU
		{0FACFBCF-9554-4D9B-8122-E29C69ECEC03}.Release|x64.ActiveCfg = Release|Any CPU
		{0FACFBCF-9554-4D9B-8122-E29C69ECEC03}.Release|x64.Build.0 = Release|Any CPU
		{0FACFBCF-9554-4D9B-8122-E29C69ECEC03}.Release|x86.ActiveCfg = Release|Any CPU
		{0FACFBCF-9554-4D9B-8122-E29C69ECEC03}.Release|x86.Build.0 = Release|Any CPU
		{3A34C1DA-15E9-4BC0-B6A6-75D5FECEFD30}.Debug|Any CPU.ActiveCfg = Debug|Any CPU
		{3A34C1DA-15E9-4BC0-B6A6-75D5FECEFD30}.Debug|Any CPU.Build.0 = Debug|Any CPU
		{3A34C1DA-15E9-4BC0-B6A6-75D5FECEFD30}.Debug|x64.ActiveCfg = Debug|Any CPU
		{3A34C1DA-15E9-4BC0-B6A6-75D5FECEFD30}.Debug|x64.Build.0 = Debug|Any CPU
		{3A34C1DA-15E9-4BC0-B6A6-75D5FECEFD30}.Debug|x86.ActiveCfg = Debug|Any CPU
		{3A34C1DA-15E9-4BC0-B6A6-75D5FECEFD30}.Debug|x86.Build.0 = Debug|Any CPU
		{3A34C1DA-15E9-4BC0-B6A6-75D5FECEFD30}.Release|Any CPU.ActiveCfg = Release|Any CPU
		{3A34C1DA-15E9-4BC0-B6A6-75D5FECEFD30}.Release|Any CPU.Build.0 = Release|Any CPU
		{3A34C1DA-15E9-4BC0-B6A6-75D5FECEFD30}.Release|x64.ActiveCfg = Release|Any CPU
		{3A34C1DA-15E9-4BC0-B6A6-75D5FECEFD30}.Release|x64.Build.0 = Release|Any CPU
		{3A34C1DA-15E9-4BC0-B6A6-75D5FECEFD30}.Release|x86.ActiveCfg = Release|Any CPU
		{3A34C1DA-15E9-4BC0-B6A6-75D5FECEFD30}.Release|x86.Build.0 = Release|Any CPU
		{4BC1D9D4-7C53-4D41-8818-FD48CA08E183}.Debug|Any CPU.ActiveCfg = Debug|Any CPU
		{4BC1D9D4-7C53-4D41-8818-FD48CA08E183}.Debug|Any CPU.Build.0 = Debug|Any CPU
		{4BC1D9D4-7C53-4D41-8818-FD48CA08E183}.Debug|x64.ActiveCfg = Debug|Any CPU
		{4BC1D9D4-7C53-4D41-8818-FD48CA08E183}.Debug|x64.Build.0 = Debug|Any CPU
		{4BC1D9D4-7C53-4D41-8818-FD48CA08E183}.Debug|x86.ActiveCfg = Debug|Any CPU
		{4BC1D9D4-7C53-4D41-8818-FD48CA08E183}.Debug|x86.Build.0 = Debug|Any CPU
		{4BC1D9D4-7C53-4D41-8818-FD48CA08E183}.Release|Any CPU.ActiveCfg = Release|Any CPU
		{4BC1D9D4-7C53-4D41-8818-FD48CA08E183}.Release|Any CPU.Build.0 = Release|Any CPU
		{4BC1D9D4-7C53-4D41-8818-FD48CA08E183}.Release|x64.ActiveCfg = Release|Any CPU
		{4BC1D9D4-7C53-4D41-8818-FD48CA08E183}.Release|x64.Build.0 = Release|Any CPU
		{4BC1D9D4-7C53-4D41-8818-FD48CA08E183}.Release|x86.ActiveCfg = Release|Any CPU
		{4BC1D9D4-7C53-4D41-8818-FD48CA08E183}.Release|x86.Build.0 = Release|Any CPU
		{923A849E-ED4E-4003-B63B-4809C653CDAD}.Debug|Any CPU.ActiveCfg = Debug|Any CPU
		{923A849E-ED4E-4003-B63B-4809C653CDAD}.Debug|Any CPU.Build.0 = Debug|Any CPU
		{923A849E-ED4E-4003-B63B-4809C653CDAD}.Debug|x64.ActiveCfg = Debug|Any CPU
		{923A849E-ED4E-4003-B63B-4809C653CDAD}.Debug|x64.Build.0 = Debug|Any CPU
		{923A849E-ED4E-4003-B63B-4809C653CDAD}.Debug|x86.ActiveCfg = Debug|Any CPU
		{923A849E-ED4E-4003-B63B-4809C653CDAD}.Debug|x86.Build.0 = Debug|Any CPU
		{923A849E-ED4E-4003-B63B-4809C653CDAD}.Release|Any CPU.ActiveCfg = Release|Any CPU
		{923A849E-ED4E-4003-B63B-4809C653CDAD}.Release|Any CPU.Build.0 = Release|Any CPU
		{923A849E-ED4E-4003-B63B-4809C653CDAD}.Release|x64.ActiveCfg = Release|Any CPU
		{923A849E-ED4E-4003-B63B-4809C653CDAD}.Release|x64.Build.0 = Release|Any CPU
		{923A849E-ED4E-4003-B63B-4809C653CDAD}.Release|x86.ActiveCfg = Release|Any CPU
		{923A849E-ED4E-4003-B63B-4809C653CDAD}.Release|x86.Build.0 = Release|Any CPU
		{E6437613-EB22-4684-8C30-AA404056EB47}.Debug|Any CPU.ActiveCfg = Debug|Any CPU
		{E6437613-EB22-4684-8C30-AA404056EB47}.Debug|Any CPU.Build.0 = Debug|Any CPU
		{E6437613-EB22-4684-8C30-AA404056EB47}.Debug|x64.ActiveCfg = Debug|Any CPU
		{E6437613-EB22-4684-8C30-AA404056EB47}.Debug|x64.Build.0 = Debug|Any CPU
		{E6437613-EB22-4684-8C30-AA404056EB47}.Debug|x86.ActiveCfg = Debug|Any CPU
		{E6437613-EB22-4684-8C30-AA404056EB47}.Debug|x86.Build.0 = Debug|Any CPU
		{E6437613-EB22-4684-8C30-AA404056EB47}.Release|Any CPU.ActiveCfg = Release|Any CPU
		{E6437613-EB22-4684-8C30-AA404056EB47}.Release|Any CPU.Build.0 = Release|Any CPU
		{E6437613-EB22-4684-8C30-AA404056EB47}.Release|x64.ActiveCfg = Release|Any CPU
		{E6437613-EB22-4684-8C30-AA404056EB47}.Release|x64.Build.0 = Release|Any CPU
		{E6437613-EB22-4684-8C30-AA404056EB47}.Release|x86.ActiveCfg = Release|Any CPU
		{E6437613-EB22-4684-8C30-AA404056EB47}.Release|x86.Build.0 = Release|Any CPU
		{8C674B00-6F5E-4B28-BE08-8642AFBDED6E}.Debug|Any CPU.ActiveCfg = Debug|Any CPU
		{8C674B00-6F5E-4B28-BE08-8642AFBDED6E}.Debug|Any CPU.Build.0 = Debug|Any CPU
		{8C674B00-6F5E-4B28-BE08-8642AFBDED6E}.Debug|x64.ActiveCfg = Debug|Any CPU
		{8C674B00-6F5E-4B28-BE08-8642AFBDED6E}.Debug|x64.Build.0 = Debug|Any CPU
		{8C674B00-6F5E-4B28-BE08-8642AFBDED6E}.Debug|x86.ActiveCfg = Debug|Any CPU
		{8C674B00-6F5E-4B28-BE08-8642AFBDED6E}.Debug|x86.Build.0 = Debug|Any CPU
		{8C674B00-6F5E-4B28-BE08-8642AFBDED6E}.Release|Any CPU.ActiveCfg = Release|Any CPU
		{8C674B00-6F5E-4B28-BE08-8642AFBDED6E}.Release|Any CPU.Build.0 = Release|Any CPU
		{8C674B00-6F5E-4B28-BE08-8642AFBDED6E}.Release|x64.ActiveCfg = Release|Any CPU
		{8C674B00-6F5E-4B28-BE08-8642AFBDED6E}.Release|x64.Build.0 = Release|Any CPU
		{8C674B00-6F5E-4B28-BE08-8642AFBDED6E}.Release|x86.ActiveCfg = Release|Any CPU
		{8C674B00-6F5E-4B28-BE08-8642AFBDED6E}.Release|x86.Build.0 = Release|Any CPU
		{63570125-7A24-4B97-A113-D51D59A83F0A}.Debug|Any CPU.ActiveCfg = Debug|Any CPU
		{63570125-7A24-4B97-A113-D51D59A83F0A}.Debug|Any CPU.Build.0 = Debug|Any CPU
		{63570125-7A24-4B97-A113-D51D59A83F0A}.Debug|x64.ActiveCfg = Debug|Any CPU
		{63570125-7A24-4B97-A113-D51D59A83F0A}.Debug|x64.Build.0 = Debug|Any CPU
		{63570125-7A24-4B97-A113-D51D59A83F0A}.Debug|x86.ActiveCfg = Debug|Any CPU
		{63570125-7A24-4B97-A113-D51D59A83F0A}.Debug|x86.Build.0 = Debug|Any CPU
		{63570125-7A24-4B97-A113-D51D59A83F0A}.Release|Any CPU.ActiveCfg = Release|Any CPU
		{63570125-7A24-4B97-A113-D51D59A83F0A}.Release|Any CPU.Build.0 = Release|Any CPU
		{63570125-7A24-4B97-A113-D51D59A83F0A}.Release|x64.ActiveCfg = Release|Any CPU
		{63570125-7A24-4B97-A113-D51D59A83F0A}.Release|x64.Build.0 = Release|Any CPU
		{63570125-7A24-4B97-A113-D51D59A83F0A}.Release|x86.ActiveCfg = Release|Any CPU
		{63570125-7A24-4B97-A113-D51D59A83F0A}.Release|x86.Build.0 = Release|Any CPU
		{0DC0C736-A4A6-47A2-ADBD-DCE90928DFB7}.Debug|Any CPU.ActiveCfg = Debug|Any CPU
		{0DC0C736-A4A6-47A2-ADBD-DCE90928DFB7}.Debug|Any CPU.Build.0 = Debug|Any CPU
		{0DC0C736-A4A6-47A2-ADBD-DCE90928DFB7}.Debug|x64.ActiveCfg = Debug|Any CPU
		{0DC0C736-A4A6-47A2-ADBD-DCE90928DFB7}.Debug|x64.Build.0 = Debug|Any CPU
		{0DC0C736-A4A6-47A2-ADBD-DCE90928DFB7}.Debug|x86.ActiveCfg = Debug|Any CPU
		{0DC0C736-A4A6-47A2-ADBD-DCE90928DFB7}.Debug|x86.Build.0 = Debug|Any CPU
		{0DC0C736-A4A6-47A2-ADBD-DCE90928DFB7}.Release|Any CPU.ActiveCfg = Release|Any CPU
		{0DC0C736-A4A6-47A2-ADBD-DCE90928DFB7}.Release|Any CPU.Build.0 = Release|Any CPU
		{0DC0C736-A4A6-47A2-ADBD-DCE90928DFB7}.Release|x64.ActiveCfg = Release|Any CPU
		{0DC0C736-A4A6-47A2-ADBD-DCE90928DFB7}.Release|x64.Build.0 = Release|Any CPU
		{0DC0C736-A4A6-47A2-ADBD-DCE90928DFB7}.Release|x86.ActiveCfg = Release|Any CPU
		{0DC0C736-A4A6-47A2-ADBD-DCE90928DFB7}.Release|x86.Build.0 = Release|Any CPU
		{849A6FC3-00D4-46B7-8567-21BB033D7C2A}.Debug|Any CPU.ActiveCfg = Debug|Any CPU
		{849A6FC3-00D4-46B7-8567-21BB033D7C2A}.Debug|Any CPU.Build.0 = Debug|Any CPU
		{849A6FC3-00D4-46B7-8567-21BB033D7C2A}.Debug|x64.ActiveCfg = Debug|Any CPU
		{849A6FC3-00D4-46B7-8567-21BB033D7C2A}.Debug|x64.Build.0 = Debug|Any CPU
		{849A6FC3-00D4-46B7-8567-21BB033D7C2A}.Debug|x86.ActiveCfg = Debug|Any CPU
		{849A6FC3-00D4-46B7-8567-21BB033D7C2A}.Debug|x86.Build.0 = Debug|Any CPU
		{849A6FC3-00D4-46B7-8567-21BB033D7C2A}.Release|Any CPU.ActiveCfg = Release|Any CPU
		{849A6FC3-00D4-46B7-8567-21BB033D7C2A}.Release|Any CPU.Build.0 = Release|Any CPU
		{849A6FC3-00D4-46B7-8567-21BB033D7C2A}.Release|x64.ActiveCfg = Release|Any CPU
		{849A6FC3-00D4-46B7-8567-21BB033D7C2A}.Release|x64.Build.0 = Release|Any CPU
		{849A6FC3-00D4-46B7-8567-21BB033D7C2A}.Release|x86.ActiveCfg = Release|Any CPU
		{849A6FC3-00D4-46B7-8567-21BB033D7C2A}.Release|x86.Build.0 = Release|Any CPU
		{F1D5236E-A517-4A9F-8E29-B3D5F373A97C}.Debug|Any CPU.ActiveCfg = Debug|Any CPU
		{F1D5236E-A517-4A9F-8E29-B3D5F373A97C}.Debug|Any CPU.Build.0 = Debug|Any CPU
		{F1D5236E-A517-4A9F-8E29-B3D5F373A97C}.Debug|x64.ActiveCfg = Debug|Any CPU
		{F1D5236E-A517-4A9F-8E29-B3D5F373A97C}.Debug|x64.Build.0 = Debug|Any CPU
		{F1D5236E-A517-4A9F-8E29-B3D5F373A97C}.Debug|x86.ActiveCfg = Debug|Any CPU
		{F1D5236E-A517-4A9F-8E29-B3D5F373A97C}.Debug|x86.Build.0 = Debug|Any CPU
		{F1D5236E-A517-4A9F-8E29-B3D5F373A97C}.Release|Any CPU.ActiveCfg = Release|Any CPU
		{F1D5236E-A517-4A9F-8E29-B3D5F373A97C}.Release|Any CPU.Build.0 = Release|Any CPU
		{F1D5236E-A517-4A9F-8E29-B3D5F373A97C}.Release|x64.ActiveCfg = Release|Any CPU
		{F1D5236E-A517-4A9F-8E29-B3D5F373A97C}.Release|x64.Build.0 = Release|Any CPU
		{F1D5236E-A517-4A9F-8E29-B3D5F373A97C}.Release|x86.ActiveCfg = Release|Any CPU
		{F1D5236E-A517-4A9F-8E29-B3D5F373A97C}.Release|x86.Build.0 = Release|Any CPU
		{9D1DDC94-DF06-4585-AF7F-15CCA8E62DBE}.Debug|Any CPU.ActiveCfg = Debug|Any CPU
		{9D1DDC94-DF06-4585-AF7F-15CCA8E62DBE}.Debug|Any CPU.Build.0 = Debug|Any CPU
		{9D1DDC94-DF06-4585-AF7F-15CCA8E62DBE}.Debug|x64.ActiveCfg = Debug|Any CPU
		{9D1DDC94-DF06-4585-AF7F-15CCA8E62DBE}.Debug|x64.Build.0 = Debug|Any CPU
		{9D1DDC94-DF06-4585-AF7F-15CCA8E62DBE}.Debug|x86.ActiveCfg = Debug|Any CPU
		{9D1DDC94-DF06-4585-AF7F-15CCA8E62DBE}.Debug|x86.Build.0 = Debug|Any CPU
		{9D1DDC94-DF06-4585-AF7F-15CCA8E62DBE}.Release|Any CPU.ActiveCfg = Release|Any CPU
		{9D1DDC94-DF06-4585-AF7F-15CCA8E62DBE}.Release|Any CPU.Build.0 = Release|Any CPU
		{9D1DDC94-DF06-4585-AF7F-15CCA8E62DBE}.Release|x64.ActiveCfg = Release|Any CPU
		{9D1DDC94-DF06-4585-AF7F-15CCA8E62DBE}.Release|x64.Build.0 = Release|Any CPU
		{9D1DDC94-DF06-4585-AF7F-15CCA8E62DBE}.Release|x86.ActiveCfg = Release|Any CPU
		{9D1DDC94-DF06-4585-AF7F-15CCA8E62DBE}.Release|x86.Build.0 = Release|Any CPU
		{CE2581E7-18DD-4A87-AC0F-1B358341A990}.Debug|Any CPU.ActiveCfg = Debug|Any CPU
		{CE2581E7-18DD-4A87-AC0F-1B358341A990}.Debug|Any CPU.Build.0 = Debug|Any CPU
		{CE2581E7-18DD-4A87-AC0F-1B358341A990}.Debug|x64.ActiveCfg = Debug|Any CPU
		{CE2581E7-18DD-4A87-AC0F-1B358341A990}.Debug|x64.Build.0 = Debug|Any CPU
		{CE2581E7-18DD-4A87-AC0F-1B358341A990}.Debug|x86.ActiveCfg = Debug|Any CPU
		{CE2581E7-18DD-4A87-AC0F-1B358341A990}.Debug|x86.Build.0 = Debug|Any CPU
		{CE2581E7-18DD-4A87-AC0F-1B358341A990}.Release|Any CPU.ActiveCfg = Release|Any CPU
		{CE2581E7-18DD-4A87-AC0F-1B358341A990}.Release|Any CPU.Build.0 = Release|Any CPU
		{CE2581E7-18DD-4A87-AC0F-1B358341A990}.Release|x64.ActiveCfg = Release|Any CPU
		{CE2581E7-18DD-4A87-AC0F-1B358341A990}.Release|x64.Build.0 = Release|Any CPU
		{CE2581E7-18DD-4A87-AC0F-1B358341A990}.Release|x86.ActiveCfg = Release|Any CPU
		{CE2581E7-18DD-4A87-AC0F-1B358341A990}.Release|x86.Build.0 = Release|Any CPU
	EndGlobalSection
	GlobalSection(SolutionProperties) = preSolution
		HideSolutionNode = FALSE
	EndGlobalSection
EndGlobal
